// !$*UTF8*$!
{
	archiveVersion = 1;
	classes = {
	};
	objectVersion = 56;
	objects = {

/* Begin PBXBuildFile section */
		E3012EB82B42B38C00788238 /* MovieDetailViewController.swift in Sources */ = {isa = PBXBuildFile; fileRef = E3012EB72B42B38C00788238 /* MovieDetailViewController.swift */; };
		E3012EBA2B42BB3D00788238 /* MovieDetailBanner.swift in Sources */ = {isa = PBXBuildFile; fileRef = E3012EB92B42BB3D00788238 /* MovieDetailBanner.swift */; };
		E3012EBC2B42BB4800788238 /* MovieDetailBanner.xib in Resources */ = {isa = PBXBuildFile; fileRef = E3012EBB2B42BB4800788238 /* MovieDetailBanner.xib */; };
		E3012EBE2B42C53F00788238 /* MoviedetailOverviewCell.xib in Resources */ = {isa = PBXBuildFile; fileRef = E3012EBD2B42C53F00788238 /* MoviedetailOverviewCell.xib */; };
		E3012EC02B42C55200788238 /* MoviedetailOverviewCell.swift in Sources */ = {isa = PBXBuildFile; fileRef = E3012EBF2B42C55200788238 /* MoviedetailOverviewCell.swift */; };
		E321EDA92B3ECA2C00F5D3D3 /* AppDelegate.swift in Sources */ = {isa = PBXBuildFile; fileRef = E321EDA82B3ECA2C00F5D3D3 /* AppDelegate.swift */; };
		E321EDAB2B3ECA2C00F5D3D3 /* SceneDelegate.swift in Sources */ = {isa = PBXBuildFile; fileRef = E321EDAA2B3ECA2C00F5D3D3 /* SceneDelegate.swift */; };
		E321EDB02B3ECA2C00F5D3D3 /* Main.storyboard in Resources */ = {isa = PBXBuildFile; fileRef = E321EDAE2B3ECA2C00F5D3D3 /* Main.storyboard */; };
		E321EDB32B3ECA2C00F5D3D3 /* Butterflyhealthcare.xcdatamodeld in Sources */ = {isa = PBXBuildFile; fileRef = E321EDB12B3ECA2C00F5D3D3 /* Butterflyhealthcare.xcdatamodeld */; };
		E321EDB52B3ECA2E00F5D3D3 /* Assets.xcassets in Resources */ = {isa = PBXBuildFile; fileRef = E321EDB42B3ECA2E00F5D3D3 /* Assets.xcassets */; };
		E321EDB82B3ECA2E00F5D3D3 /* LaunchScreen.storyboard in Resources */ = {isa = PBXBuildFile; fileRef = E321EDB62B3ECA2E00F5D3D3 /* LaunchScreen.storyboard */; };
		E321EDC32B3ECA2E00F5D3D3 /* ButterflyhealthcareTests.swift in Sources */ = {isa = PBXBuildFile; fileRef = E321EDC22B3ECA2E00F5D3D3 /* ButterflyhealthcareTests.swift */; };
		E321EDCD2B3ECA2E00F5D3D3 /* ButterflyhealthcareUITests.swift in Sources */ = {isa = PBXBuildFile; fileRef = E321EDCC2B3ECA2E00F5D3D3 /* ButterflyhealthcareUITests.swift */; };
		E321EDCF2B3ECA2E00F5D3D3 /* ButterflyhealthcareUITestsLaunchTests.swift in Sources */ = {isa = PBXBuildFile; fileRef = E321EDCE2B3ECA2E00F5D3D3 /* ButterflyhealthcareUITestsLaunchTests.swift */; };
		E321EE132B3FAB5A00F5D3D3 /* UtilReach.swift in Sources */ = {isa = PBXBuildFile; fileRef = E321EE112B3FAB5A00F5D3D3 /* UtilReach.swift */; };
		E321EE142B3FAB5A00F5D3D3 /* Reach.swift in Sources */ = {isa = PBXBuildFile; fileRef = E321EE122B3FAB5A00F5D3D3 /* Reach.swift */; };
		E321EE1B2B41114000F5D3D3 /* ViewController.swift in Sources */ = {isa = PBXBuildFile; fileRef = E321EE1A2B41114000F5D3D3 /* ViewController.swift */; };
		E321EE1D2B41131000F5D3D3 /* MovieViewModel.swift in Sources */ = {isa = PBXBuildFile; fileRef = E321EE1C2B41131000F5D3D3 /* MovieViewModel.swift */; };
		E321EE1F2B41141D00F5D3D3 /* MovieModel.swift in Sources */ = {isa = PBXBuildFile; fileRef = E321EE1E2B41141D00F5D3D3 /* MovieModel.swift */; };
		E321EE222B41187700F5D3D3 /* CommonNetworkSwiftClass.swift in Sources */ = {isa = PBXBuildFile; fileRef = E321EE212B41187700F5D3D3 /* CommonNetworkSwiftClass.swift */; };
		E321EE252B41308C00F5D3D3 /* URLConstants.swift in Sources */ = {isa = PBXBuildFile; fileRef = E321EE242B41308C00F5D3D3 /* URLConstants.swift */; };
		E3518F362B423897003C8614 /* Mulish-LightItalic.ttf in Resources */ = {isa = PBXBuildFile; fileRef = E3518F222B423897003C8614 /* Mulish-LightItalic.ttf */; };
		E3518F372B423897003C8614 /* Mulish-ExtraBoldItalic.ttf in Resources */ = {isa = PBXBuildFile; fileRef = E3518F232B423897003C8614 /* Mulish-ExtraBoldItalic.ttf */; };
		E3518F382B423897003C8614 /* Mulish-Italic.ttf in Resources */ = {isa = PBXBuildFile; fileRef = E3518F242B423897003C8614 /* Mulish-Italic.ttf */; };
		E3518F392B423897003C8614 /* Mulish-Regular.ttf in Resources */ = {isa = PBXBuildFile; fileRef = E3518F252B423897003C8614 /* Mulish-Regular.ttf */; };
		E3518F3A2B423897003C8614 /* Mulish-Black.ttf in Resources */ = {isa = PBXBuildFile; fileRef = E3518F262B423897003C8614 /* Mulish-Black.ttf */; };
		E3518F3B2B423897003C8614 /* Mulish-BlackItalic.ttf in Resources */ = {isa = PBXBuildFile; fileRef = E3518F272B423897003C8614 /* Mulish-BlackItalic.ttf */; };
		E3518F3C2B423897003C8614 /* Mulish-SemiBoldItalic.ttf in Resources */ = {isa = PBXBuildFile; fileRef = E3518F282B423897003C8614 /* Mulish-SemiBoldItalic.ttf */; };
		E3518F3D2B423897003C8614 /* Mulish-ExtraLightItalic.ttf in Resources */ = {isa = PBXBuildFile; fileRef = E3518F292B423897003C8614 /* Mulish-ExtraLightItalic.ttf */; };
		E3518F3E2B423897003C8614 /* Mulish-Bold.ttf in Resources */ = {isa = PBXBuildFile; fileRef = E3518F2A2B423897003C8614 /* Mulish-Bold.ttf */; };
		E3518F3F2B423897003C8614 /* Mulish-Light.ttf in Resources */ = {isa = PBXBuildFile; fileRef = E3518F2B2B423897003C8614 /* Mulish-Light.ttf */; };
		E3518F402B423897003C8614 /* Mulish-ExtraBold.ttf in Resources */ = {isa = PBXBuildFile; fileRef = E3518F2C2B423897003C8614 /* Mulish-ExtraBold.ttf */; };
		E3518F412B423897003C8614 /* Mulish-ExtraLight.ttf in Resources */ = {isa = PBXBuildFile; fileRef = E3518F2D2B423897003C8614 /* Mulish-ExtraLight.ttf */; };
		E3518F422B423897003C8614 /* Mulish-Medium.ttf in Resources */ = {isa = PBXBuildFile; fileRef = E3518F2E2B423897003C8614 /* Mulish-Medium.ttf */; };
		E3518F432B423897003C8614 /* Mulish-MediumItalic.ttf in Resources */ = {isa = PBXBuildFile; fileRef = E3518F2F2B423897003C8614 /* Mulish-MediumItalic.ttf */; };
		E3518F442B423897003C8614 /* Mulish-SemiBold.ttf in Resources */ = {isa = PBXBuildFile; fileRef = E3518F302B423897003C8614 /* Mulish-SemiBold.ttf */; };
		E3518F452B423897003C8614 /* Mulish-BoldItalic.ttf in Resources */ = {isa = PBXBuildFile; fileRef = E3518F312B423897003C8614 /* Mulish-BoldItalic.ttf */; };
		E3518F462B423897003C8614 /* OFL.txt in Resources */ = {isa = PBXBuildFile; fileRef = E3518F322B423897003C8614 /* OFL.txt */; };
		E3518F472B423897003C8614 /* README.txt in Resources */ = {isa = PBXBuildFile; fileRef = E3518F332B423897003C8614 /* README.txt */; };
		E3518F482B423897003C8614 /* Mulish-Italic-VariableFont_wght.ttf in Resources */ = {isa = PBXBuildFile; fileRef = E3518F342B423897003C8614 /* Mulish-Italic-VariableFont_wght.ttf */; };
		E3518F492B423897003C8614 /* Mulish-VariableFont_wght.ttf in Resources */ = {isa = PBXBuildFile; fileRef = E3518F352B423897003C8614 /* Mulish-VariableFont_wght.ttf */; };
		E3518F4C2B4238AD003C8614 /* CommonFontClass.swift in Sources */ = {isa = PBXBuildFile; fileRef = E3518F4B2B4238AD003C8614 /* CommonFontClass.swift */; };
		E3518F4E2B42430F003C8614 /* UIImage+Extensions.swift in Sources */ = {isa = PBXBuildFile; fileRef = E3518F4D2B42430F003C8614 /* UIImage+Extensions.swift */; };
		E3518F512B424EEC003C8614 /* ImageLoader.swift in Sources */ = {isa = PBXBuildFile; fileRef = E3518F502B424EEC003C8614 /* ImageLoader.swift */; };
		E3518F542B427E64003C8614 /* Media.xcassets in Resources */ = {isa = PBXBuildFile; fileRef = E3518F532B427E64003C8614 /* Media.xcassets */; };
		E3BFD8702B414C9F00019DFC /* SVProgressHUD in Frameworks */ = {isa = PBXBuildFile; productRef = E3BFD86F2B414C9F00019DFC /* SVProgressHUD */; };
		E3BFD8732B41890D00019DFC /* Observable.swift in Sources */ = {isa = PBXBuildFile; fileRef = E3BFD8722B41890D00019DFC /* Observable.swift */; };
		E3BFD8762B41B73600019DFC /* MovieListCell.swift in Sources */ = {isa = PBXBuildFile; fileRef = E3BFD8752B41B73600019DFC /* MovieListCell.swift */; };
		E3BFD87A2B41B77200019DFC /* MovieListCell.xib in Resources */ = {isa = PBXBuildFile; fileRef = E3BFD8792B41B77200019DFC /* MovieListCell.xib */; };
		E3BFD87D2B41BAC200019DFC /* Commoncornerradius_Swift.swift in Sources */ = {isa = PBXBuildFile; fileRef = E3BFD87C2B41BAC200019DFC /* Commoncornerradius_Swift.swift */; };
		E3BFD8B32B41BB9900019DFC /* NibID.swift in Sources */ = {isa = PBXBuildFile; fileRef = E3BFD8982B41BB9900019DFC /* NibID.swift */; };
		E3BFD8B72B41BD3D00019DFC /* UITableViewCell+Extension.swift in Sources */ = {isa = PBXBuildFile; fileRef = E3BFD8B52B41BD3D00019DFC /* UITableViewCell+Extension.swift */; };
		E3BFD8B82B41BD3D00019DFC /* UITableView+Extensions.swift in Sources */ = {isa = PBXBuildFile; fileRef = E3BFD8B62B41BD3D00019DFC /* UITableView+Extensions.swift */; };
/* End PBXBuildFile section */

/* Begin PBXContainerItemProxy section */
		E321EDBF2B3ECA2E00F5D3D3 /* PBXContainerItemProxy */ = {
			isa = PBXContainerItemProxy;
			containerPortal = E321ED9D2B3ECA2C00F5D3D3 /* Project object */;
			proxyType = 1;
			remoteGlobalIDString = E321EDA42B3ECA2C00F5D3D3;
			remoteInfo = Butterflyhealthcare;
		};
		E321EDC92B3ECA2E00F5D3D3 /* PBXContainerItemProxy */ = {
			isa = PBXContainerItemProxy;
			containerPortal = E321ED9D2B3ECA2C00F5D3D3 /* Project object */;
			proxyType = 1;
			remoteGlobalIDString = E321EDA42B3ECA2C00F5D3D3;
			remoteInfo = Butterflyhealthcare;
		};
/* End PBXContainerItemProxy section */

/* Begin PBXFileReference section */
		E3012EB72B42B38C00788238 /* MovieDetailViewController.swift */ = {isa = PBXFileReference; lastKnownFileType = sourcecode.swift; path = MovieDetailViewController.swift; sourceTree = "<group>"; };
		E3012EB92B42BB3D00788238 /* MovieDetailBanner.swift */ = {isa = PBXFileReference; lastKnownFileType = sourcecode.swift; path = MovieDetailBanner.swift; sourceTree = "<group>"; };
		E3012EBB2B42BB4800788238 /* MovieDetailBanner.xib */ = {isa = PBXFileReference; lastKnownFileType = file.xib; path = MovieDetailBanner.xib; sourceTree = "<group>"; };
		E3012EBD2B42C53F00788238 /* MoviedetailOverviewCell.xib */ = {isa = PBXFileReference; lastKnownFileType = file.xib; path = MoviedetailOverviewCell.xib; sourceTree = "<group>"; };
		E3012EBF2B42C55200788238 /* MoviedetailOverviewCell.swift */ = {isa = PBXFileReference; lastKnownFileType = sourcecode.swift; path = MoviedetailOverviewCell.swift; sourceTree = "<group>"; };
		E321EDA52B3ECA2C00F5D3D3 /* Butterflyhealthcare.app */ = {isa = PBXFileReference; explicitFileType = wrapper.application; includeInIndex = 0; path = Butterflyhealthcare.app; sourceTree = BUILT_PRODUCTS_DIR; };
		E321EDA82B3ECA2C00F5D3D3 /* AppDelegate.swift */ = {isa = PBXFileReference; lastKnownFileType = sourcecode.swift; path = AppDelegate.swift; sourceTree = "<group>"; };
		E321EDAA2B3ECA2C00F5D3D3 /* SceneDelegate.swift */ = {isa = PBXFileReference; lastKnownFileType = sourcecode.swift; path = SceneDelegate.swift; sourceTree = "<group>"; };
		E321EDAF2B3ECA2C00F5D3D3 /* Base */ = {isa = PBXFileReference; lastKnownFileType = file.storyboard; name = Base; path = Base.lproj/Main.storyboard; sourceTree = "<group>"; };
		E321EDB22B3ECA2C00F5D3D3 /* Butterflyhealthcare.xcdatamodel */ = {isa = PBXFileReference; lastKnownFileType = wrapper.xcdatamodel; path = Butterflyhealthcare.xcdatamodel; sourceTree = "<group>"; };
		E321EDB42B3ECA2E00F5D3D3 /* Assets.xcassets */ = {isa = PBXFileReference; lastKnownFileType = folder.assetcatalog; path = Assets.xcassets; sourceTree = "<group>"; };
		E321EDB72B3ECA2E00F5D3D3 /* Base */ = {isa = PBXFileReference; lastKnownFileType = file.storyboard; name = Base; path = Base.lproj/LaunchScreen.storyboard; sourceTree = "<group>"; };
		E321EDB92B3ECA2E00F5D3D3 /* Info.plist */ = {isa = PBXFileReference; lastKnownFileType = text.plist.xml; path = Info.plist; sourceTree = "<group>"; };
		E321EDBE2B3ECA2E00F5D3D3 /* ButterflyhealthcareTests.xctest */ = {isa = PBXFileReference; explicitFileType = wrapper.cfbundle; includeInIndex = 0; path = ButterflyhealthcareTests.xctest; sourceTree = BUILT_PRODUCTS_DIR; };
		E321EDC22B3ECA2E00F5D3D3 /* ButterflyhealthcareTests.swift */ = {isa = PBXFileReference; lastKnownFileType = sourcecode.swift; path = ButterflyhealthcareTests.swift; sourceTree = "<group>"; };
		E321EDC82B3ECA2E00F5D3D3 /* ButterflyhealthcareUITests.xctest */ = {isa = PBXFileReference; explicitFileType = wrapper.cfbundle; includeInIndex = 0; path = ButterflyhealthcareUITests.xctest; sourceTree = BUILT_PRODUCTS_DIR; };
		E321EDCC2B3ECA2E00F5D3D3 /* ButterflyhealthcareUITests.swift */ = {isa = PBXFileReference; lastKnownFileType = sourcecode.swift; path = ButterflyhealthcareUITests.swift; sourceTree = "<group>"; };
		E321EDCE2B3ECA2E00F5D3D3 /* ButterflyhealthcareUITestsLaunchTests.swift */ = {isa = PBXFileReference; lastKnownFileType = sourcecode.swift; path = ButterflyhealthcareUITestsLaunchTests.swift; sourceTree = "<group>"; };
		E321EE112B3FAB5A00F5D3D3 /* UtilReach.swift */ = {isa = PBXFileReference; fileEncoding = 4; lastKnownFileType = sourcecode.swift; path = UtilReach.swift; sourceTree = "<group>"; };
		E321EE122B3FAB5A00F5D3D3 /* Reach.swift */ = {isa = PBXFileReference; fileEncoding = 4; lastKnownFileType = sourcecode.swift; path = Reach.swift; sourceTree = "<group>"; };
		E321EE1A2B41114000F5D3D3 /* ViewController.swift */ = {isa = PBXFileReference; fileEncoding = 4; lastKnownFileType = sourcecode.swift; path = ViewController.swift; sourceTree = "<group>"; };
		E321EE1C2B41131000F5D3D3 /* MovieViewModel.swift */ = {isa = PBXFileReference; lastKnownFileType = sourcecode.swift; path = MovieViewModel.swift; sourceTree = "<group>"; };
		E321EE1E2B41141D00F5D3D3 /* MovieModel.swift */ = {isa = PBXFileReference; lastKnownFileType = sourcecode.swift; path = MovieModel.swift; sourceTree = "<group>"; };
		E321EE212B41187700F5D3D3 /* CommonNetworkSwiftClass.swift */ = {isa = PBXFileReference; fileEncoding = 4; lastKnownFileType = sourcecode.swift; path = CommonNetworkSwiftClass.swift; sourceTree = "<group>"; };
		E321EE242B41308C00F5D3D3 /* URLConstants.swift */ = {isa = PBXFileReference; lastKnownFileType = sourcecode.swift; path = URLConstants.swift; sourceTree = "<group>"; };
		E3518F222B423897003C8614 /* Mulish-LightItalic.ttf */ = {isa = PBXFileReference; lastKnownFileType = file; path = "Mulish-LightItalic.ttf"; sourceTree = "<group>"; };
		E3518F232B423897003C8614 /* Mulish-ExtraBoldItalic.ttf */ = {isa = PBXFileReference; lastKnownFileType = file; path = "Mulish-ExtraBoldItalic.ttf"; sourceTree = "<group>"; };
		E3518F242B423897003C8614 /* Mulish-Italic.ttf */ = {isa = PBXFileReference; lastKnownFileType = file; path = "Mulish-Italic.ttf"; sourceTree = "<group>"; };
		E3518F252B423897003C8614 /* Mulish-Regular.ttf */ = {isa = PBXFileReference; lastKnownFileType = file; path = "Mulish-Regular.ttf"; sourceTree = "<group>"; };
		E3518F262B423897003C8614 /* Mulish-Black.ttf */ = {isa = PBXFileReference; lastKnownFileType = file; path = "Mulish-Black.ttf"; sourceTree = "<group>"; };
		E3518F272B423897003C8614 /* Mulish-BlackItalic.ttf */ = {isa = PBXFileReference; lastKnownFileType = file; path = "Mulish-BlackItalic.ttf"; sourceTree = "<group>"; };
		E3518F282B423897003C8614 /* Mulish-SemiBoldItalic.ttf */ = {isa = PBXFileReference; lastKnownFileType = file; path = "Mulish-SemiBoldItalic.ttf"; sourceTree = "<group>"; };
		E3518F292B423897003C8614 /* Mulish-ExtraLightItalic.ttf */ = {isa = PBXFileReference; lastKnownFileType = file; path = "Mulish-ExtraLightItalic.ttf"; sourceTree = "<group>"; };
		E3518F2A2B423897003C8614 /* Mulish-Bold.ttf */ = {isa = PBXFileReference; lastKnownFileType = file; path = "Mulish-Bold.ttf"; sourceTree = "<group>"; };
		E3518F2B2B423897003C8614 /* Mulish-Light.ttf */ = {isa = PBXFileReference; lastKnownFileType = file; path = "Mulish-Light.ttf"; sourceTree = "<group>"; };
		E3518F2C2B423897003C8614 /* Mulish-ExtraBold.ttf */ = {isa = PBXFileReference; lastKnownFileType = file; path = "Mulish-ExtraBold.ttf"; sourceTree = "<group>"; };
		E3518F2D2B423897003C8614 /* Mulish-ExtraLight.ttf */ = {isa = PBXFileReference; lastKnownFileType = file; path = "Mulish-ExtraLight.ttf"; sourceTree = "<group>"; };
		E3518F2E2B423897003C8614 /* Mulish-Medium.ttf */ = {isa = PBXFileReference; lastKnownFileType = file; path = "Mulish-Medium.ttf"; sourceTree = "<group>"; };
		E3518F2F2B423897003C8614 /* Mulish-MediumItalic.ttf */ = {isa = PBXFileReference; lastKnownFileType = file; path = "Mulish-MediumItalic.ttf"; sourceTree = "<group>"; };
		E3518F302B423897003C8614 /* Mulish-SemiBold.ttf */ = {isa = PBXFileReference; lastKnownFileType = file; path = "Mulish-SemiBold.ttf"; sourceTree = "<group>"; };
		E3518F312B423897003C8614 /* Mulish-BoldItalic.ttf */ = {isa = PBXFileReference; lastKnownFileType = file; path = "Mulish-BoldItalic.ttf"; sourceTree = "<group>"; };
		E3518F322B423897003C8614 /* OFL.txt */ = {isa = PBXFileReference; fileEncoding = 4; lastKnownFileType = text; path = OFL.txt; sourceTree = "<group>"; };
		E3518F332B423897003C8614 /* README.txt */ = {isa = PBXFileReference; fileEncoding = 4; lastKnownFileType = text; path = README.txt; sourceTree = "<group>"; };
		E3518F342B423897003C8614 /* Mulish-Italic-VariableFont_wght.ttf */ = {isa = PBXFileReference; lastKnownFileType = file; path = "Mulish-Italic-VariableFont_wght.ttf"; sourceTree = "<group>"; };
		E3518F352B423897003C8614 /* Mulish-VariableFont_wght.ttf */ = {isa = PBXFileReference; lastKnownFileType = file; path = "Mulish-VariableFont_wght.ttf"; sourceTree = "<group>"; };
		E3518F4B2B4238AD003C8614 /* CommonFontClass.swift */ = {isa = PBXFileReference; fileEncoding = 4; lastKnownFileType = sourcecode.swift; path = CommonFontClass.swift; sourceTree = "<group>"; };
		E3518F4D2B42430F003C8614 /* UIImage+Extensions.swift */ = {isa = PBXFileReference; fileEncoding = 4; lastKnownFileType = sourcecode.swift; path = "UIImage+Extensions.swift"; sourceTree = "<group>"; };
		E3518F502B424EEC003C8614 /* ImageLoader.swift */ = {isa = PBXFileReference; fileEncoding = 4; lastKnownFileType = sourcecode.swift; path = ImageLoader.swift; sourceTree = "<group>"; };
		E3518F532B427E64003C8614 /* Media.xcassets */ = {isa = PBXFileReference; lastKnownFileType = folder.assetcatalog; path = Media.xcassets; sourceTree = "<group>"; };
		E3BFD8722B41890D00019DFC /* Observable.swift */ = {isa = PBXFileReference; fileEncoding = 4; lastKnownFileType = sourcecode.swift; path = Observable.swift; sourceTree = "<group>"; };
		E3BFD8752B41B73600019DFC /* MovieListCell.swift */ = {isa = PBXFileReference; lastKnownFileType = sourcecode.swift; path = MovieListCell.swift; sourceTree = "<group>"; };
		E3BFD8792B41B77200019DFC /* MovieListCell.xib */ = {isa = PBXFileReference; lastKnownFileType = file.xib; path = MovieListCell.xib; sourceTree = "<group>"; };
		E3BFD87C2B41BAC200019DFC /* Commoncornerradius_Swift.swift */ = {isa = PBXFileReference; fileEncoding = 4; lastKnownFileType = sourcecode.swift; path = Commoncornerradius_Swift.swift; sourceTree = "<group>"; };
		E3BFD8982B41BB9900019DFC /* NibID.swift */ = {isa = PBXFileReference; fileEncoding = 4; lastKnownFileType = sourcecode.swift; path = NibID.swift; sourceTree = "<group>"; };
		E3BFD8B52B41BD3D00019DFC /* UITableViewCell+Extension.swift */ = {isa = PBXFileReference; fileEncoding = 4; lastKnownFileType = sourcecode.swift; path = "UITableViewCell+Extension.swift"; sourceTree = "<group>"; };
		E3BFD8B62B41BD3D00019DFC /* UITableView+Extensions.swift */ = {isa = PBXFileReference; fileEncoding = 4; lastKnownFileType = sourcecode.swift; path = "UITableView+Extensions.swift"; sourceTree = "<group>"; };
/* End PBXFileReference section */

/* Begin PBXFrameworksBuildPhase section */
		E321EDA22B3ECA2C00F5D3D3 /* Frameworks */ = {
			isa = PBXFrameworksBuildPhase;
			buildActionMask = 2147483647;
			files = (
				E3BFD8702B414C9F00019DFC /* SVProgressHUD in Frameworks */,
			);
			runOnlyForDeploymentPostprocessing = 0;
		};
		E321EDBB2B3ECA2E00F5D3D3 /* Frameworks */ = {
			isa = PBXFrameworksBuildPhase;
			buildActionMask = 2147483647;
			files = (
			);
			runOnlyForDeploymentPostprocessing = 0;
		};
		E321EDC52B3ECA2E00F5D3D3 /* Frameworks */ = {
			isa = PBXFrameworksBuildPhase;
			buildActionMask = 2147483647;
			files = (
			);
			runOnlyForDeploymentPostprocessing = 0;
		};
/* End PBXFrameworksBuildPhase section */

/* Begin PBXGroup section */
		E321ED9C2B3ECA2C00F5D3D3 = {
			isa = PBXGroup;
			children = (
				E321EDA72B3ECA2C00F5D3D3 /* Butterflyhealthcare */,
				E321EDC12B3ECA2E00F5D3D3 /* ButterflyhealthcareTests */,
				E321EDCB2B3ECA2E00F5D3D3 /* ButterflyhealthcareUITests */,
				E321EDA62B3ECA2C00F5D3D3 /* Products */,
			);
			sourceTree = "<group>";
		};
		E321EDA62B3ECA2C00F5D3D3 /* Products */ = {
			isa = PBXGroup;
			children = (
				E321EDA52B3ECA2C00F5D3D3 /* Butterflyhealthcare.app */,
				E321EDBE2B3ECA2E00F5D3D3 /* ButterflyhealthcareTests.xctest */,
				E321EDC82B3ECA2E00F5D3D3 /* ButterflyhealthcareUITests.xctest */,
			);
			name = Products;
			sourceTree = "<group>";
		};
		E321EDA72B3ECA2C00F5D3D3 /* Butterflyhealthcare */ = {
			isa = PBXGroup;
			children = (
				E321EE152B410D2100F5D3D3 /* Movie */,
				E321EE0F2B3FAAB300F5D3D3 /* CommonClasses */,
				E321EDA82B3ECA2C00F5D3D3 /* AppDelegate.swift */,
				E321EDAA2B3ECA2C00F5D3D3 /* SceneDelegate.swift */,
				E321EDAE2B3ECA2C00F5D3D3 /* Main.storyboard */,
				E321EDB42B3ECA2E00F5D3D3 /* Assets.xcassets */,
				E321EDB62B3ECA2E00F5D3D3 /* LaunchScreen.storyboard */,
				E321EDB92B3ECA2E00F5D3D3 /* Info.plist */,
				E321EDB12B3ECA2C00F5D3D3 /* Butterflyhealthcare.xcdatamodeld */,
			);
			path = Butterflyhealthcare;
			sourceTree = "<group>";
		};
		E321EDC12B3ECA2E00F5D3D3 /* ButterflyhealthcareTests */ = {
			isa = PBXGroup;
			children = (
				E321EDC22B3ECA2E00F5D3D3 /* ButterflyhealthcareTests.swift */,
			);
			path = ButterflyhealthcareTests;
			sourceTree = "<group>";
		};
		E321EDCB2B3ECA2E00F5D3D3 /* ButterflyhealthcareUITests */ = {
			isa = PBXGroup;
			children = (
				E321EDCC2B3ECA2E00F5D3D3 /* ButterflyhealthcareUITests.swift */,
				E321EDCE2B3ECA2E00F5D3D3 /* ButterflyhealthcareUITestsLaunchTests.swift */,
			);
			path = ButterflyhealthcareUITests;
			sourceTree = "<group>";
		};
		E321EE0F2B3FAAB300F5D3D3 /* CommonClasses */ = {
			isa = PBXGroup;
			children = (
				E3518F4F2B424EDE003C8614 /* Bindings */,
				E3518F4A2B4238AD003C8614 /* CommonFont_Swift */,
				E3518F202B423897003C8614 /* Mulish_Font */,
				E3BFD87E2B41BB9800019DFC /* ExtentionsAndNib */,
				E3BFD87B2B41BAC200019DFC /* CommonRadious */,
				E3BFD8712B41890D00019DFC /* Observable */,
				E321EE232B41306700F5D3D3 /* Constants */,
				E321EE202B41187700F5D3D3 /* Network */,
				E321EE102B3FAAD000F5D3D3 /* Reachability */,
			);
			path = CommonClasses;
			sourceTree = "<group>";
		};
		E321EE102B3FAAD000F5D3D3 /* Reachability */ = {
			isa = PBXGroup;
			children = (
				E321EE122B3FAB5A00F5D3D3 /* Reach.swift */,
				E321EE112B3FAB5A00F5D3D3 /* UtilReach.swift */,
			);
			path = Reachability;
			sourceTree = "<group>";
		};
		E321EE152B410D2100F5D3D3 /* Movie */ = {
			isa = PBXGroup;
			children = (
				E3518F522B427E51003C8614 /* Resources */,
				E3BFD8742B41B71A00019DFC /* Cell */,
				E321EE192B41102500F5D3D3 /* ViewModel */,
				E321EE172B41100E00F5D3D3 /* Model */,
				E321EE162B41100000F5D3D3 /* Controller */,
			);
			path = Movie;
			sourceTree = "<group>";
		};
		E321EE162B41100000F5D3D3 /* Controller */ = {
			isa = PBXGroup;
			children = (
				E321EE1A2B41114000F5D3D3 /* ViewController.swift */,
				E3012EB72B42B38C00788238 /* MovieDetailViewController.swift */,
			);
			path = Controller;
			sourceTree = "<group>";
		};
		E321EE172B41100E00F5D3D3 /* Model */ = {
			isa = PBXGroup;
			children = (
				E321EE1E2B41141D00F5D3D3 /* MovieModel.swift */,
			);
			path = Model;
			sourceTree = "<group>";
		};
		E321EE192B41102500F5D3D3 /* ViewModel */ = {
			isa = PBXGroup;
			children = (
				E321EE1C2B41131000F5D3D3 /* MovieViewModel.swift */,
			);
			path = ViewModel;
			sourceTree = "<group>";
		};
		E321EE202B41187700F5D3D3 /* Network */ = {
			isa = PBXGroup;
			children = (
				E321EE212B41187700F5D3D3 /* CommonNetworkSwiftClass.swift */,
			);
			path = Network;
			sourceTree = "<group>";
		};
		E321EE232B41306700F5D3D3 /* Constants */ = {
			isa = PBXGroup;
			children = (
				E321EE242B41308C00F5D3D3 /* URLConstants.swift */,
			);
			path = Constants;
			sourceTree = "<group>";
		};
		E3518F202B423897003C8614 /* Mulish_Font */ = {
			isa = PBXGroup;
			children = (
				E3518F212B423897003C8614 /* static */,
				E3518F322B423897003C8614 /* OFL.txt */,
				E3518F332B423897003C8614 /* README.txt */,
				E3518F342B423897003C8614 /* Mulish-Italic-VariableFont_wght.ttf */,
				E3518F352B423897003C8614 /* Mulish-VariableFont_wght.ttf */,
			);
			path = Mulish_Font;
			sourceTree = "<group>";
		};
		E3518F212B423897003C8614 /* static */ = {
			isa = PBXGroup;
			children = (
				E3518F222B423897003C8614 /* Mulish-LightItalic.ttf */,
				E3518F232B423897003C8614 /* Mulish-ExtraBoldItalic.ttf */,
				E3518F242B423897003C8614 /* Mulish-Italic.ttf */,
				E3518F252B423897003C8614 /* Mulish-Regular.ttf */,
				E3518F262B423897003C8614 /* Mulish-Black.ttf */,
				E3518F272B423897003C8614 /* Mulish-BlackItalic.ttf */,
				E3518F282B423897003C8614 /* Mulish-SemiBoldItalic.ttf */,
				E3518F292B423897003C8614 /* Mulish-ExtraLightItalic.ttf */,
				E3518F2A2B423897003C8614 /* Mulish-Bold.ttf */,
				E3518F2B2B423897003C8614 /* Mulish-Light.ttf */,
				E3518F2C2B423897003C8614 /* Mulish-ExtraBold.ttf */,
				E3518F2D2B423897003C8614 /* Mulish-ExtraLight.ttf */,
				E3518F2E2B423897003C8614 /* Mulish-Medium.ttf */,
				E3518F2F2B423897003C8614 /* Mulish-MediumItalic.ttf */,
				E3518F302B423897003C8614 /* Mulish-SemiBold.ttf */,
				E3518F312B423897003C8614 /* Mulish-BoldItalic.ttf */,
			);
			path = static;
			sourceTree = "<group>";
		};
		E3518F4A2B4238AD003C8614 /* CommonFont_Swift */ = {
			isa = PBXGroup;
			children = (
				E3518F4B2B4238AD003C8614 /* CommonFontClass.swift */,
			);
			path = CommonFont_Swift;
			sourceTree = "<group>";
		};
		E3518F4F2B424EDE003C8614 /* Bindings */ = {
			isa = PBXGroup;
			children = (
				E3518F502B424EEC003C8614 /* ImageLoader.swift */,
			);
			path = Bindings;
			sourceTree = "<group>";
		};
		E3518F522B427E51003C8614 /* Resources */ = {
			isa = PBXGroup;
			children = (
				E3518F532B427E64003C8614 /* Media.xcassets */,
			);
			path = Resources;
			sourceTree = "<group>";
		};
		E3BFD8712B41890D00019DFC /* Observable */ = {
			isa = PBXGroup;
			children = (
				E3BFD8722B41890D00019DFC /* Observable.swift */,
			);
			path = Observable;
			sourceTree = "<group>";
		};
		E3BFD8742B41B71A00019DFC /* Cell */ = {
			isa = PBXGroup;
			children = (
				E3012EB92B42BB3D00788238 /* MovieDetailBanner.swift */,
				E3012EBB2B42BB4800788238 /* MovieDetailBanner.xib */,
				E3BFD8752B41B73600019DFC /* MovieListCell.swift */,
				E3BFD8792B41B77200019DFC /* MovieListCell.xib */,
				E3012EBD2B42C53F00788238 /* MoviedetailOverviewCell.xib */,
				E3012EBF2B42C55200788238 /* MoviedetailOverviewCell.swift */,
			);
			path = Cell;
			sourceTree = "<group>";
		};
		E3BFD87B2B41BAC200019DFC /* CommonRadious */ = {
			isa = PBXGroup;
			children = (
				E3BFD87C2B41BAC200019DFC /* Commoncornerradius_Swift.swift */,
			);
			path = CommonRadious;
			sourceTree = "<group>";
		};
		E3BFD87E2B41BB9800019DFC /* ExtentionsAndNib */ = {
			isa = PBXGroup;
			children = (
				E3BFD8B62B41BD3D00019DFC /* UITableView+Extensions.swift */,
				E3518F4D2B42430F003C8614 /* UIImage+Extensions.swift */,
				E3BFD8B52B41BD3D00019DFC /* UITableViewCell+Extension.swift */,
				E3BFD8982B41BB9900019DFC /* NibID.swift */,
			);
			path = ExtentionsAndNib;
			sourceTree = "<group>";
		};
/* End PBXGroup section */

/* Begin PBXNativeTarget section */
		E321EDA42B3ECA2C00F5D3D3 /* Butterflyhealthcare */ = {
			isa = PBXNativeTarget;
			buildConfigurationList = E321EDD22B3ECA2E00F5D3D3 /* Build configuration list for PBXNativeTarget "Butterflyhealthcare" */;
			buildPhases = (
				E321EDA12B3ECA2C00F5D3D3 /* Sources */,
				E321EDA22B3ECA2C00F5D3D3 /* Frameworks */,
				E321EDA32B3ECA2C00F5D3D3 /* Resources */,
			);
			buildRules = (
			);
			dependencies = (
			);
			name = Butterflyhealthcare;
			packageProductDependencies = (
				E3BFD86F2B414C9F00019DFC /* SVProgressHUD */,
			);
			productName = Butterflyhealthcare;
			productReference = E321EDA52B3ECA2C00F5D3D3 /* Butterflyhealthcare.app */;
			productType = "com.apple.product-type.application";
		};
		E321EDBD2B3ECA2E00F5D3D3 /* ButterflyhealthcareTests */ = {
			isa = PBXNativeTarget;
			buildConfigurationList = E321EDD52B3ECA2E00F5D3D3 /* Build configuration list for PBXNativeTarget "ButterflyhealthcareTests" */;
			buildPhases = (
				E321EDBA2B3ECA2E00F5D3D3 /* Sources */,
				E321EDBB2B3ECA2E00F5D3D3 /* Frameworks */,
				E321EDBC2B3ECA2E00F5D3D3 /* Resources */,
			);
			buildRules = (
			);
			dependencies = (
				E321EDC02B3ECA2E00F5D3D3 /* PBXTargetDependency */,
			);
			name = ButterflyhealthcareTests;
			productName = ButterflyhealthcareTests;
			productReference = E321EDBE2B3ECA2E00F5D3D3 /* ButterflyhealthcareTests.xctest */;
			productType = "com.apple.product-type.bundle.unit-test";
		};
		E321EDC72B3ECA2E00F5D3D3 /* ButterflyhealthcareUITests */ = {
			isa = PBXNativeTarget;
			buildConfigurationList = E321EDD82B3ECA2E00F5D3D3 /* Build configuration list for PBXNativeTarget "ButterflyhealthcareUITests" */;
			buildPhases = (
				E321EDC42B3ECA2E00F5D3D3 /* Sources */,
				E321EDC52B3ECA2E00F5D3D3 /* Frameworks */,
				E321EDC62B3ECA2E00F5D3D3 /* Resources */,
			);
			buildRules = (
			);
			dependencies = (
				E321EDCA2B3ECA2E00F5D3D3 /* PBXTargetDependency */,
			);
			name = ButterflyhealthcareUITests;
			productName = ButterflyhealthcareUITests;
			productReference = E321EDC82B3ECA2E00F5D3D3 /* ButterflyhealthcareUITests.xctest */;
			productType = "com.apple.product-type.bundle.ui-testing";
		};
/* End PBXNativeTarget section */

/* Begin PBXProject section */
		E321ED9D2B3ECA2C00F5D3D3 /* Project object */ = {
			isa = PBXProject;
			attributes = {
				BuildIndependentTargetsInParallel = 1;
				LastSwiftUpdateCheck = 1510;
				LastUpgradeCheck = 1510;
				TargetAttributes = {
					E321EDA42B3ECA2C00F5D3D3 = {
						CreatedOnToolsVersion = 15.1;
					};
					E321EDBD2B3ECA2E00F5D3D3 = {
						CreatedOnToolsVersion = 15.1;
						TestTargetID = E321EDA42B3ECA2C00F5D3D3;
					};
					E321EDC72B3ECA2E00F5D3D3 = {
						CreatedOnToolsVersion = 15.1;
						TestTargetID = E321EDA42B3ECA2C00F5D3D3;
					};
				};
			};
			buildConfigurationList = E321EDA02B3ECA2C00F5D3D3 /* Build configuration list for PBXProject "Butterflyhealthcare" */;
			compatibilityVersion = "Xcode 14.0";
			developmentRegion = en;
			hasScannedForEncodings = 0;
			knownRegions = (
				en,
				Base,
			);
			mainGroup = E321ED9C2B3ECA2C00F5D3D3;
			packageReferences = (
				E3BFD86E2B414C9F00019DFC /* XCRemoteSwiftPackageReference "SVProgressHUD" */,
			);
			productRefGroup = E321EDA62B3ECA2C00F5D3D3 /* Products */;
			projectDirPath = "";
			projectRoot = "";
			targets = (
				E321EDA42B3ECA2C00F5D3D3 /* Butterflyhealthcare */,
				E321EDBD2B3ECA2E00F5D3D3 /* ButterflyhealthcareTests */,
				E321EDC72B3ECA2E00F5D3D3 /* ButterflyhealthcareUITests */,
			);
		};
/* End PBXProject section */

/* Begin PBXResourcesBuildPhase section */
		E321EDA32B3ECA2C00F5D3D3 /* Resources */ = {
			isa = PBXResourcesBuildPhase;
			buildActionMask = 2147483647;
			files = (
				E3518F462B423897003C8614 /* OFL.txt in Resources */,
				E3518F3B2B423897003C8614 /* Mulish-BlackItalic.ttf in Resources */,
				E3518F472B423897003C8614 /* README.txt in Resources */,
				E3518F482B423897003C8614 /* Mulish-Italic-VariableFont_wght.ttf in Resources */,
				E3518F3F2B423897003C8614 /* Mulish-Light.ttf in Resources */,
				E3518F542B427E64003C8614 /* Media.xcassets in Resources */,
				E3518F492B423897003C8614 /* Mulish-VariableFont_wght.ttf in Resources */,
				E3518F382B423897003C8614 /* Mulish-Italic.ttf in Resources */,
				E3518F362B423897003C8614 /* Mulish-LightItalic.ttf in Resources */,
				E321EDB82B3ECA2E00F5D3D3 /* LaunchScreen.storyboard in Resources */,
				E3518F442B423897003C8614 /* Mulish-SemiBold.ttf in Resources */,
				E3518F422B423897003C8614 /* Mulish-Medium.ttf in Resources */,
				E3012EBE2B42C53F00788238 /* MoviedetailOverviewCell.xib in Resources */,
				E3518F3D2B423897003C8614 /* Mulish-ExtraLightItalic.ttf in Resources */,
				E3518F3E2B423897003C8614 /* Mulish-Bold.ttf in Resources */,
				E3518F372B423897003C8614 /* Mulish-ExtraBoldItalic.ttf in Resources */,
				E3518F3C2B423897003C8614 /* Mulish-SemiBoldItalic.ttf in Resources */,
				E3518F3A2B423897003C8614 /* Mulish-Black.ttf in Resources */,
				E3518F402B423897003C8614 /* Mulish-ExtraBold.ttf in Resources */,
				E321EDB52B3ECA2E00F5D3D3 /* Assets.xcassets in Resources */,
				E3518F432B423897003C8614 /* Mulish-MediumItalic.ttf in Resources */,
				E3518F412B423897003C8614 /* Mulish-ExtraLight.ttf in Resources */,
				E3BFD87A2B41B77200019DFC /* MovieListCell.xib in Resources */,
				E321EDB02B3ECA2C00F5D3D3 /* Main.storyboard in Resources */,
				E3012EBC2B42BB4800788238 /* MovieDetailBanner.xib in Resources */,
				E3518F392B423897003C8614 /* Mulish-Regular.ttf in Resources */,
				E3518F452B423897003C8614 /* Mulish-BoldItalic.ttf in Resources */,
			);
			runOnlyForDeploymentPostprocessing = 0;
		};
		E321EDBC2B3ECA2E00F5D3D3 /* Resources */ = {
			isa = PBXResourcesBuildPhase;
			buildActionMask = 2147483647;
			files = (
			);
			runOnlyForDeploymentPostprocessing = 0;
		};
		E321EDC62B3ECA2E00F5D3D3 /* Resources */ = {
			isa = PBXResourcesBuildPhase;
			buildActionMask = 2147483647;
			files = (
			);
			runOnlyForDeploymentPostprocessing = 0;
		};
/* End PBXResourcesBuildPhase section */

/* Begin PBXSourcesBuildPhase section */
		E321EDA12B3ECA2C00F5D3D3 /* Sources */ = {
			isa = PBXSourcesBuildPhase;
			buildActionMask = 2147483647;
			files = (
				E3012EC02B42C55200788238 /* MoviedetailOverviewCell.swift in Sources */,
				E3BFD8732B41890D00019DFC /* Observable.swift in Sources */,
				E3BFD8B72B41BD3D00019DFC /* UITableViewCell+Extension.swift in Sources */,
				E321EE222B41187700F5D3D3 /* CommonNetworkSwiftClass.swift in Sources */,
				E3BFD8B82B41BD3D00019DFC /* UITableView+Extensions.swift in Sources */,
				E3BFD8762B41B73600019DFC /* MovieListCell.swift in Sources */,
				E3BFD8B32B41BB9900019DFC /* NibID.swift in Sources */,
				E321EE252B41308C00F5D3D3 /* URLConstants.swift in Sources */,
				E321EE1B2B41114000F5D3D3 /* ViewController.swift in Sources */,
				E3518F4C2B4238AD003C8614 /* CommonFontClass.swift in Sources */,
				E3518F512B424EEC003C8614 /* ImageLoader.swift in Sources */,
				E321EDB32B3ECA2C00F5D3D3 /* Butterflyhealthcare.xcdatamodeld in Sources */,
				E321EE142B3FAB5A00F5D3D3 /* Reach.swift in Sources */,
				E3012EBA2B42BB3D00788238 /* MovieDetailBanner.swift in Sources */,
				E3BFD87D2B41BAC200019DFC /* Commoncornerradius_Swift.swift in Sources */,
				E321EE132B3FAB5A00F5D3D3 /* UtilReach.swift in Sources */,
				E321EE1F2B41141D00F5D3D3 /* MovieModel.swift in Sources */,
				E321EDA92B3ECA2C00F5D3D3 /* AppDelegate.swift in Sources */,
				E3012EB82B42B38C00788238 /* MovieDetailViewController.swift in Sources */,
				E3518F4E2B42430F003C8614 /* UIImage+Extensions.swift in Sources */,
				E321EE1D2B41131000F5D3D3 /* MovieViewModel.swift in Sources */,
				E321EDAB2B3ECA2C00F5D3D3 /* SceneDelegate.swift in Sources */,
			);
			runOnlyForDeploymentPostprocessing = 0;
		};
		E321EDBA2B3ECA2E00F5D3D3 /* Sources */ = {
			isa = PBXSourcesBuildPhase;
			buildActionMask = 2147483647;
			files = (
				E321EDC32B3ECA2E00F5D3D3 /* ButterflyhealthcareTests.swift in Sources */,
			);
			runOnlyForDeploymentPostprocessing = 0;
		};
		E321EDC42B3ECA2E00F5D3D3 /* Sources */ = {
			isa = PBXSourcesBuildPhase;
			buildActionMask = 2147483647;
			files = (
				E321EDCD2B3ECA2E00F5D3D3 /* ButterflyhealthcareUITests.swift in Sources */,
				E321EDCF2B3ECA2E00F5D3D3 /* ButterflyhealthcareUITestsLaunchTests.swift in Sources */,
			);
			runOnlyForDeploymentPostprocessing = 0;
		};
/* End PBXSourcesBuildPhase section */

/* Begin PBXTargetDependency section */
		E321EDC02B3ECA2E00F5D3D3 /* PBXTargetDependency */ = {
			isa = PBXTargetDependency;
			target = E321EDA42B3ECA2C00F5D3D3 /* Butterflyhealthcare */;
			targetProxy = E321EDBF2B3ECA2E00F5D3D3 /* PBXContainerItemProxy */;
		};
		E321EDCA2B3ECA2E00F5D3D3 /* PBXTargetDependency */ = {
			isa = PBXTargetDependency;
			target = E321EDA42B3ECA2C00F5D3D3 /* Butterflyhealthcare */;
			targetProxy = E321EDC92B3ECA2E00F5D3D3 /* PBXContainerItemProxy */;
		};
/* End PBXTargetDependency section */

/* Begin PBXVariantGroup section */
		E321EDAE2B3ECA2C00F5D3D3 /* Main.storyboard */ = {
			isa = PBXVariantGroup;
			children = (
				E321EDAF2B3ECA2C00F5D3D3 /* Base */,
			);
			name = Main.storyboard;
			sourceTree = "<group>";
		};
		E321EDB62B3ECA2E00F5D3D3 /* LaunchScreen.storyboard */ = {
			isa = PBXVariantGroup;
			children = (
				E321EDB72B3ECA2E00F5D3D3 /* Base */,
			);
			name = LaunchScreen.storyboard;
			sourceTree = "<group>";
		};
/* End PBXVariantGroup section */

/* Begin XCBuildConfiguration section */
		E321EDD02B3ECA2E00F5D3D3 /* Debug */ = {
			isa = XCBuildConfiguration;
			buildSettings = {
				ALWAYS_SEARCH_USER_PATHS = NO;
				ASSETCATALOG_COMPILER_GENERATE_SWIFT_ASSET_SYMBOL_EXTENSIONS = YES;
				CLANG_ANALYZER_NONNULL = YES;
				CLANG_ANALYZER_NUMBER_OBJECT_CONVERSION = YES_AGGRESSIVE;
				CLANG_CXX_LANGUAGE_STANDARD = "gnu++20";
				CLANG_ENABLE_MODULES = YES;
				CLANG_ENABLE_OBJC_ARC = YES;
				CLANG_ENABLE_OBJC_WEAK = YES;
				CLANG_WARN_BLOCK_CAPTURE_AUTORELEASING = YES;
				CLANG_WARN_BOOL_CONVERSION = YES;
				CLANG_WARN_COMMA = YES;
				CLANG_WARN_CONSTANT_CONVERSION = YES;
				CLANG_WARN_DEPRECATED_OBJC_IMPLEMENTATIONS = YES;
				CLANG_WARN_DIRECT_OBJC_ISA_USAGE = YES_ERROR;
				CLANG_WARN_DOCUMENTATION_COMMENTS = YES;
				CLANG_WARN_EMPTY_BODY = YES;
				CLANG_WARN_ENUM_CONVERSION = YES;
				CLANG_WARN_INFINITE_RECURSION = YES;
				CLANG_WARN_INT_CONVERSION = YES;
				CLANG_WARN_NON_LITERAL_NULL_CONVERSION = YES;
				CLANG_WARN_OBJC_IMPLICIT_RETAIN_SELF = YES;
				CLANG_WARN_OBJC_LITERAL_CONVERSION = YES;
				CLANG_WARN_OBJC_ROOT_CLASS = YES_ERROR;
				CLANG_WARN_QUOTED_INCLUDE_IN_FRAMEWORK_HEADER = YES;
				CLANG_WARN_RANGE_LOOP_ANALYSIS = YES;
				CLANG_WARN_STRICT_PROTOTYPES = YES;
				CLANG_WARN_SUSPICIOUS_MOVE = YES;
				CLANG_WARN_UNGUARDED_AVAILABILITY = YES_AGGRESSIVE;
				CLANG_WARN_UNREACHABLE_CODE = YES;
				CLANG_WARN__DUPLICATE_METHOD_MATCH = YES;
				COPY_PHASE_STRIP = NO;
				DEBUG_INFORMATION_FORMAT = dwarf;
				ENABLE_STRICT_OBJC_MSGSEND = YES;
				ENABLE_TESTABILITY = YES;
				ENABLE_USER_SCRIPT_SANDBOXING = YES;
				GCC_C_LANGUAGE_STANDARD = gnu17;
				GCC_DYNAMIC_NO_PIC = NO;
				GCC_NO_COMMON_BLOCKS = YES;
				GCC_OPTIMIZATION_LEVEL = 0;
				GCC_PREPROCESSOR_DEFINITIONS = (
					"DEBUG=1",
					"$(inherited)",
				);
				GCC_WARN_64_TO_32_BIT_CONVERSION = YES;
				GCC_WARN_ABOUT_RETURN_TYPE = YES_ERROR;
				GCC_WARN_UNDECLARED_SELECTOR = YES;
				GCC_WARN_UNINITIALIZED_AUTOS = YES_AGGRESSIVE;
				GCC_WARN_UNUSED_FUNCTION = YES;
				GCC_WARN_UNUSED_VARIABLE = YES;
				IPHONEOS_DEPLOYMENT_TARGET = 17.2;
				LOCALIZATION_PREFERS_STRING_CATALOGS = YES;
				MTL_ENABLE_DEBUG_INFO = INCLUDE_SOURCE;
				MTL_FAST_MATH = YES;
				ONLY_ACTIVE_ARCH = YES;
				SDKROOT = iphoneos;
				SWIFT_ACTIVE_COMPILATION_CONDITIONS = "DEBUG $(inherited)";
				SWIFT_OPTIMIZATION_LEVEL = "-Onone";
			};
			name = Debug;
		};
		E321EDD12B3ECA2E00F5D3D3 /* Release */ = {
			isa = XCBuildConfiguration;
			buildSettings = {
				ALWAYS_SEARCH_USER_PATHS = NO;
				ASSETCATALOG_COMPILER_GENERATE_SWIFT_ASSET_SYMBOL_EXTENSIONS = YES;
				CLANG_ANALYZER_NONNULL = YES;
				CLANG_ANALYZER_NUMBER_OBJECT_CONVERSION = YES_AGGRESSIVE;
				CLANG_CXX_LANGUAGE_STANDARD = "gnu++20";
				CLANG_ENABLE_MODULES = YES;
				CLANG_ENABLE_OBJC_ARC = YES;
				CLANG_ENABLE_OBJC_WEAK = YES;
				CLANG_WARN_BLOCK_CAPTURE_AUTORELEASING = YES;
				CLANG_WARN_BOOL_CONVERSION = YES;
				CLANG_WARN_COMMA = YES;
				CLANG_WARN_CONSTANT_CONVERSION = YES;
				CLANG_WARN_DEPRECATED_OBJC_IMPLEMENTATIONS = YES;
				CLANG_WARN_DIRECT_OBJC_ISA_USAGE = YES_ERROR;
				CLANG_WARN_DOCUMENTATION_COMMENTS = YES;
				CLANG_WARN_EMPTY_BODY = YES;
				CLANG_WARN_ENUM_CONVERSION = YES;
				CLANG_WARN_INFINITE_RECURSION = YES;
				CLANG_WARN_INT_CONVERSION = YES;
				CLANG_WARN_NON_LITERAL_NULL_CONVERSION = YES;
				CLANG_WARN_OBJC_IMPLICIT_RETAIN_SELF = YES;
				CLANG_WARN_OBJC_LITERAL_CONVERSION = YES;
				CLANG_WARN_OBJC_ROOT_CLASS = YES_ERROR;
				CLANG_WARN_QUOTED_INCLUDE_IN_FRAMEWORK_HEADER = YES;
				CLANG_WARN_RANGE_LOOP_ANALYSIS = YES;
				CLANG_WARN_STRICT_PROTOTYPES = YES;
				CLANG_WARN_SUSPICIOUS_MOVE = YES;
				CLANG_WARN_UNGUARDED_AVAILABILITY = YES_AGGRESSIVE;
				CLANG_WARN_UNREACHABLE_CODE = YES;
				CLANG_WARN__DUPLICATE_METHOD_MATCH = YES;
				COPY_PHASE_STRIP = NO;
				DEBUG_INFORMATION_FORMAT = "dwarf-with-dsym";
				ENABLE_NS_ASSERTIONS = NO;
				ENABLE_STRICT_OBJC_MSGSEND = YES;
				ENABLE_USER_SCRIPT_SANDBOXING = YES;
				GCC_C_LANGUAGE_STANDARD = gnu17;
				GCC_NO_COMMON_BLOCKS = YES;
				GCC_WARN_64_TO_32_BIT_CONVERSION = YES;
				GCC_WARN_ABOUT_RETURN_TYPE = YES_ERROR;
				GCC_WARN_UNDECLARED_SELECTOR = YES;
				GCC_WARN_UNINITIALIZED_AUTOS = YES_AGGRESSIVE;
				GCC_WARN_UNUSED_FUNCTION = YES;
				GCC_WARN_UNUSED_VARIABLE = YES;
				IPHONEOS_DEPLOYMENT_TARGET = 17.2;
				LOCALIZATION_PREFERS_STRING_CATALOGS = YES;
				MTL_ENABLE_DEBUG_INFO = NO;
				MTL_FAST_MATH = YES;
				SDKROOT = iphoneos;
				SWIFT_COMPILATION_MODE = wholemodule;
				VALIDATE_PRODUCT = YES;
			};
			name = Release;
		};
		E321EDD32B3ECA2E00F5D3D3 /* Debug */ = {
			isa = XCBuildConfiguration;
			buildSettings = {
				ASSETCATALOG_COMPILER_APPICON_NAME = AppIcon;
				ASSETCATALOG_COMPILER_GLOBAL_ACCENT_COLOR_NAME = AccentColor;
				CODE_SIGN_STYLE = Automatic;
				CURRENT_PROJECT_VERSION = 1;
				GENERATE_INFOPLIST_FILE = YES;
				INFOPLIST_FILE = Butterflyhealthcare/Info.plist;
				INFOPLIST_KEY_UIApplicationSupportsIndirectInputEvents = YES;
				INFOPLIST_KEY_UILaunchStoryboardName = LaunchScreen;
				INFOPLIST_KEY_UIMainStoryboardFile = Main;
				INFOPLIST_KEY_UISupportedInterfaceOrientations_iPad = "UIInterfaceOrientationPortrait UIInterfaceOrientationPortraitUpsideDown UIInterfaceOrientationLandscapeLeft UIInterfaceOrientationLandscapeRight";
				INFOPLIST_KEY_UISupportedInterfaceOrientations_iPhone = "UIInterfaceOrientationPortrait UIInterfaceOrientationLandscapeLeft UIInterfaceOrientationLandscapeRight";
				LD_RUNPATH_SEARCH_PATHS = (
					"$(inherited)",
					"@executable_path/Frameworks",
				);
				MARKETING_VERSION = 1.0;
				PRODUCT_BUNDLE_IDENTIFIER = "Amaljvv-gmail.com.Butterflyhealthcare";
				PRODUCT_NAME = "$(TARGET_NAME)";
				SWIFT_EMIT_LOC_STRINGS = YES;
				SWIFT_VERSION = 5.0;
				TARGETED_DEVICE_FAMILY = "1,2";
			};
			name = Debug;
		};
		E321EDD42B3ECA2E00F5D3D3 /* Release */ = {
			isa = XCBuildConfiguration;
			buildSettings = {
				ASSETCATALOG_COMPILER_APPICON_NAME = AppIcon;
				ASSETCATALOG_COMPILER_GLOBAL_ACCENT_COLOR_NAME = AccentColor;
				CODE_SIGN_STYLE = Automatic;
				CURRENT_PROJECT_VERSION = 1;
				GENERATE_INFOPLIST_FILE = YES;
				INFOPLIST_FILE = Butterflyhealthcare/Info.plist;
				INFOPLIST_KEY_UIApplicationSupportsIndirectInputEvents = YES;
				INFOPLIST_KEY_UILaunchStoryboardName = LaunchScreen;
				INFOPLIST_KEY_UIMainStoryboardFile = Main;
				INFOPLIST_KEY_UISupportedInterfaceOrientations_iPad = "UIInterfaceOrientationPortrait UIInterfaceOrientationPortraitUpsideDown UIInterfaceOrientationLandscapeLeft UIInterfaceOrientationLandscapeRight";
				INFOPLIST_KEY_UISupportedInterfaceOrientations_iPhone = "UIInterfaceOrientationPortrait UIInterfaceOrientationLandscapeLeft UIInterfaceOrientationLandscapeRight";
				LD_RUNPATH_SEARCH_PATHS = (
					"$(inherited)",
					"@executable_path/Frameworks",
				);
				MARKETING_VERSION = 1.0;
				PRODUCT_BUNDLE_IDENTIFIER = "Amaljvv-gmail.com.Butterflyhealthcare";
				PRODUCT_NAME = "$(TARGET_NAME)";
				SWIFT_EMIT_LOC_STRINGS = YES;
				SWIFT_VERSION = 5.0;
				TARGETED_DEVICE_FAMILY = "1,2";
			};
			name = Release;
		};
		E321EDD62B3ECA2E00F5D3D3 /* Debug */ = {
			isa = XCBuildConfiguration;
			buildSettings = {
				ALWAYS_EMBED_SWIFT_STANDARD_LIBRARIES = YES;
				BUNDLE_LOADER = "$(TEST_HOST)";
				CODE_SIGN_STYLE = Automatic;
				CURRENT_PROJECT_VERSION = 1;
				GENERATE_INFOPLIST_FILE = YES;
				IPHONEOS_DEPLOYMENT_TARGET = 17.2;
				MARKETING_VERSION = 1.0;
				PRODUCT_BUNDLE_IDENTIFIER = "Amaljvv-gmail.com.ButterflyhealthcareTests";
				PRODUCT_NAME = "$(TARGET_NAME)";
				SWIFT_EMIT_LOC_STRINGS = NO;
				SWIFT_VERSION = 5.0;
				TARGETED_DEVICE_FAMILY = "1,2";
				TEST_HOST = "$(BUILT_PRODUCTS_DIR)/Butterflyhealthcare.app/$(BUNDLE_EXECUTABLE_FOLDER_PATH)/Butterflyhealthcare";
			};
			name = Debug;
		};
		E321EDD72B3ECA2E00F5D3D3 /* Release */ = {
			isa = XCBuildConfiguration;
			buildSettings = {
				ALWAYS_EMBED_SWIFT_STANDARD_LIBRARIES = YES;
				BUNDLE_LOADER = "$(TEST_HOST)";
				CODE_SIGN_STYLE = Automatic;
				CURRENT_PROJECT_VERSION = 1;
				GENERATE_INFOPLIST_FILE = YES;
				IPHONEOS_DEPLOYMENT_TARGET = 17.2;
				MARKETING_VERSION = 1.0;
				PRODUCT_BUNDLE_IDENTIFIER = "Amaljvv-gmail.com.ButterflyhealthcareTests";
				PRODUCT_NAME = "$(TARGET_NAME)";
				SWIFT_EMIT_LOC_STRINGS = NO;
				SWIFT_VERSION = 5.0;
				TARGETED_DEVICE_FAMILY = "1,2";
				TEST_HOST = "$(BUILT_PRODUCTS_DIR)/Butterflyhealthcare.app/$(BUNDLE_EXECUTABLE_FOLDER_PATH)/Butterflyhealthcare";
			};
			name = Release;
		};
		E321EDD92B3ECA2E00F5D3D3 /* Debug */ = {
			isa = XCBuildConfiguration;
			buildSettings = {
				ALWAYS_EMBED_SWIFT_STANDARD_LIBRARIES = YES;
				CODE_SIGN_STYLE = Automatic;
				CURRENT_PROJECT_VERSION = 1;
				GENERATE_INFOPLIST_FILE = YES;
				MARKETING_VERSION = 1.0;
				PRODUCT_BUNDLE_IDENTIFIER = "Amaljvv-gmail.com.ButterflyhealthcareUITests";
				PRODUCT_NAME = "$(TARGET_NAME)";
				SWIFT_EMIT_LOC_STRINGS = NO;
				SWIFT_VERSION = 5.0;
				TARGETED_DEVICE_FAMILY = "1,2";
				TEST_TARGET_NAME = Butterflyhealthcare;
			};
			name = Debug;
		};
		E321EDDA2B3ECA2E00F5D3D3 /* Release */ = {
			isa = XCBuildConfiguration;
			buildSettings = {
				ALWAYS_EMBED_SWIFT_STANDARD_LIBRARIES = YES;
				CODE_SIGN_STYLE = Automatic;
				CURRENT_PROJECT_VERSION = 1;
				GENERATE_INFOPLIST_FILE = YES;
				MARKETING_VERSION = 1.0;
				PRODUCT_BUNDLE_IDENTIFIER = "Amaljvv-gmail.com.ButterflyhealthcareUITests";
				PRODUCT_NAME = "$(TARGET_NAME)";
				SWIFT_EMIT_LOC_STRINGS = NO;
				SWIFT_VERSION = 5.0;
				TARGETED_DEVICE_FAMILY = "1,2";
				TEST_TARGET_NAME = Butterflyhealthcare;
			};
			name = Release;
		};
/* End XCBuildConfiguration section */

/* Begin XCConfigurationList section */
		E321EDA02B3ECA2C00F5D3D3 /* Build configuration list for PBXProject "Butterflyhealthcare" */ = {
			isa = XCConfigurationList;
			buildConfigurations = (
				E321EDD02B3ECA2E00F5D3D3 /* Debug */,
				E321EDD12B3ECA2E00F5D3D3 /* Release */,
			);
			defaultConfigurationIsVisible = 0;
			defaultConfigurationName = Release;
		};
		E321EDD22B3ECA2E00F5D3D3 /* Build configuration list for PBXNativeTarget "Butterflyhealthcare" */ = {
			isa = XCConfigurationList;
			buildConfigurations = (
				E321EDD32B3ECA2E00F5D3D3 /* Debug */,
				E321EDD42B3ECA2E00F5D3D3 /* Release */,
			);
			defaultConfigurationIsVisible = 0;
			defaultConfigurationName = Release;
		};
		E321EDD52B3ECA2E00F5D3D3 /* Build configuration list for PBXNativeTarget "ButterflyhealthcareTests" */ = {
			isa = XCConfigurationList;
			buildConfigurations = (
				E321EDD62B3ECA2E00F5D3D3 /* Debug */,
				E321EDD72B3ECA2E00F5D3D3 /* Release */,
			);
			defaultConfigurationIsVisible = 0;
			defaultConfigurationName = Release;
		};
		E321EDD82B3ECA2E00F5D3D3 /* Build configuration list for PBXNativeTarget "ButterflyhealthcareUITests" */ = {
			isa = XCConfigurationList;
			buildConfigurations = (
				E321EDD92B3ECA2E00F5D3D3 /* Debug */,
				E321EDDA2B3ECA2E00F5D3D3 /* Release */,
			);
			defaultConfigurationIsVisible = 0;
			defaultConfigurationName = Release;
		};
/* End XCConfigurationList section */

/* Begin XCRemoteSwiftPackageReference section */
		E3BFD86E2B414C9F00019DFC /* XCRemoteSwiftPackageReference "SVProgressHUD" */ = {
			isa = XCRemoteSwiftPackageReference;
			repositoryURL = "https://github.com/SVProgressHUD/SVProgressHUD.git";
			requirement = {
				kind = upToNextMajorVersion;
				minimumVersion = 2.3.1;
			};
		};
/* End XCRemoteSwiftPackageReference section */

/* Begin XCSwiftPackageProductDependency section */
		E3BFD86F2B414C9F00019DFC /* SVProgressHUD */ = {
			isa = XCSwiftPackageProductDependency;
			package = E3BFD86E2B414C9F00019DFC /* XCRemoteSwiftPackageReference "SVProgressHUD" */;
			productName = SVProgressHUD;
		};
/* End XCSwiftPackageProductDependency section */

/* Begin XCVersionGroup section */
		E321EDB12B3ECA2C00F5D3D3 /* Butterflyhealthcare.xcdatamodeld */ = {
			isa = XCVersionGroup;
			children = (
				E321EDB22B3ECA2C00F5D3D3 /* Butterflyhealthcare.xcdatamodel */,
			);
			currentVersion = E321EDB22B3ECA2C00F5D3D3 /* Butterflyhealthcare.xcdatamodel */;
			path = Butterflyhealthcare.xcdatamodeld;
			sourceTree = "<group>";
			versionGroupType = wrapper.xcdatamodel;
		};
/* End XCVersionGroup section */
	};
	rootObject = E321ED9D2B3ECA2C00F5D3D3 /* Project object */;
}
